# @generated by Move, please check-in and do not edit manually.

[move]
version = 3
manifest_digest = "74A570D0229761BC074304B5D5B6D243AF6FE33A45D6E97DF5DCBB120E3C7E92"
deps_digest = "397E6A9F7A624706DBDFEE056CE88391A15876868FD18A88504DA74EB458D697"
dependencies = [
  { id = "Bridge", name = "Bridge" },
  { id = "MoveStdlib", name = "MoveStdlib" },
  { id = "Sui", name = "Sui" },
  { id = "SuiSystem", name = "SuiSystem" },
  { id = "stork", name = "stork" },
]

[[move.package]]
id = "Bridge"
source = { git = "https://github.com/MystenLabs/sui.git", rev = "2c930c25f8d3", subdir = "crates/sui-framework/packages/bridge" }

dependencies = [
  { id = "MoveStdlib", name = "MoveStdlib" },
  { id = "Sui", name = "Sui" },
  { id = "SuiSystem", name = "SuiSystem" },
]

[[move.package]]
id = "MoveStdlib"
source = { git = "https://github.com/MystenLabs/sui.git", rev = "2c930c25f8d3", subdir = "crates/sui-framework/packages/move-stdlib" }

[[move.package]]
id = "Sui"
source = { git = "https://github.com/MystenLabs/sui.git", rev = "2c930c25f8d3", subdir = "crates/sui-framework/packages/sui-framework" }

dependencies = [
  { id = "MoveStdlib", name = "MoveStdlib" },
]

[[move.package]]
id = "SuiSystem"
source = { git = "https://github.com/MystenLabs/sui.git", rev = "2c930c25f8d3", subdir = "crates/sui-framework/packages/sui-system" }

dependencies = [
  { id = "MoveStdlib", name = "MoveStdlib" },
  { id = "Sui", name = "Sui" },
]

[[move.package]]
id = "stork"
source = { git = "https://github.com/stork-oracle/stork-external.git", rev = "main", subdir = "contracts/sui/contracts" }

dependencies = [
  { id = "Sui", name = "Sui" },
]

[move.toolchain-version]
compiler-version = "1.51.4"
edition = "2024.beta"
flavor = "sui"

[env]

[env.testnet-tatum]
chain-id = "4c78adac"
original-published-id = "0xaae24e276248054a7edaee1abb06defeedc93ad1f977aa5c585fbc4901cfffb6"
latest-published-id = "0xaae24e276248054a7edaee1abb06defeedc93ad1f977aa5c585fbc4901cfffb6"
published-version = "1"
